// !$*UTF8*$!
{
	archiveVersion = 1;
	classes = {
	};
	objectVersion = 46;
	objects = {

/* Begin PBXBuildFile section */
		7B30D68B1F910BAB00190488 /* VoodooI2CELAN.hpp in Headers */ = {isa = PBXBuildFile; fileRef = 7B30D68A1F910BAB00190488 /* VoodooI2CELAN.hpp */; };
		7B30D68D1F910BAB00190488 /* VoodooI2CELAN.cpp in Sources */ = {isa = PBXBuildFile; fileRef = 7B30D68C1F910BAB00190488 /* VoodooI2CELAN.cpp */; };
/* End PBXBuildFile section */

/* Begin PBXFileReference section */
		7B30D6871F910BAB00190488 /* VoodooI2CELAN.kext */ = {isa = PBXFileReference; explicitFileType = wrapper.cfbundle; includeInIndex = 0; path = VoodooI2CELAN.kext; sourceTree = BUILT_PRODUCTS_DIR; };
		7B30D68A1F910BAB00190488 /* VoodooI2CELAN.hpp */ = {isa = PBXFileReference; lastKnownFileType = sourcecode.cpp.h; path = VoodooI2CELAN.hpp; sourceTree = "<group>"; };
		7B30D68C1F910BAB00190488 /* VoodooI2CELAN.cpp */ = {isa = PBXFileReference; lastKnownFileType = sourcecode.cpp.cpp; path = VoodooI2CELAN.cpp; sourceTree = "<group>"; };
		7B30D68E1F910BAB00190488 /* Info.plist */ = {isa = PBXFileReference; lastKnownFileType = text.plist.xml; path = Info.plist; sourceTree = "<group>"; };
/* End PBXFileReference section */

/* Begin PBXFrameworksBuildPhase section */
		7B30D6831F910BAB00190488 /* Frameworks */ = {
			isa = PBXFrameworksBuildPhase;
			buildActionMask = 2147483647;
			files = (
			);
			runOnlyForDeploymentPostprocessing = 0;
		};
/* End PBXFrameworksBuildPhase section */

/* Begin PBXGroup section */
		7B30D67D1F910BAB00190488 = {
			isa = PBXGroup;
			children = (
				7B30D6891F910BAB00190488 /* VoodooI2CELAN */,
				7B30D6881F910BAB00190488 /* Products */,
			);
			sourceTree = "<group>";
		};
		7B30D6881F910BAB00190488 /* Products */ = {
			isa = PBXGroup;
			children = (
				7B30D6871F910BAB00190488 /* VoodooI2CELAN.kext */,
			);
			name = Products;
			sourceTree = "<group>";
		};
		7B30D6891F910BAB00190488 /* VoodooI2CELAN */ = {
			isa = PBXGroup;
			children = (
				7B30D68A1F910BAB00190488 /* VoodooI2CELAN.hpp */,
				7B30D68C1F910BAB00190488 /* VoodooI2CELAN.cpp */,
				7B30D68E1F910BAB00190488 /* Info.plist */,
			);
			path = VoodooI2CELAN;
			sourceTree = "<group>";
		};
/* End PBXGroup section */

/* Begin PBXHeadersBuildPhase section */
		7B30D6841F910BAB00190488 /* Headers */ = {
			isa = PBXHeadersBuildPhase;
			buildActionMask = 2147483647;
			files = (
				7B30D68B1F910BAB00190488 /* VoodooI2CELAN.hpp in Headers */,
			);
			runOnlyForDeploymentPostprocessing = 0;
		};
/* End PBXHeadersBuildPhase section */

/* Begin PBXNativeTarget section */
		7B30D6861F910BAB00190488 /* VoodooI2CELAN */ = {
			isa = PBXNativeTarget;
			buildConfigurationList = 7B30D6911F910BAB00190488 /* Build configuration list for PBXNativeTarget "VoodooI2CELAN" */;
			buildPhases = (
				7B30D6821F910BAB00190488 /* Sources */,
				7B30D6831F910BAB00190488 /* Frameworks */,
				7B30D6841F910BAB00190488 /* Headers */,
				7B30D6851F910BAB00190488 /* Resources */,
			);
			buildRules = (
			);
			dependencies = (
			);
			name = VoodooI2CELAN;
			productName = VoodooI2CELAN;
			productReference = 7B30D6871F910BAB00190488 /* VoodooI2CELAN.kext */;
			productType = "com.apple.product-type.kernel-extension";
		};
/* End PBXNativeTarget section */

/* Begin PBXProject section */
		7B30D67E1F910BAB00190488 /* Project object */ = {
			isa = PBXProject;
			attributes = {
				LastUpgradeCheck = 0830;
				ORGANIZATIONNAME = "Kishor Prins";
				TargetAttributes = {
					7B30D6861F910BAB00190488 = {
						CreatedOnToolsVersion = 8.3.3;
						ProvisioningStyle = Automatic;
					};
				};
			};
			buildConfigurationList = 7B30D6811F910BAB00190488 /* Build configuration list for PBXProject "VoodooI2CELAN" */;
			compatibilityVersion = "Xcode 3.2";
			developmentRegion = English;
			hasScannedForEncodings = 0;
			knownRegions = (
				en,
			);
			mainGroup = 7B30D67D1F910BAB00190488;
			productRefGroup = 7B30D6881F910BAB00190488 /* Products */;
			projectDirPath = "";
			projectRoot = "";
			targets = (
				7B30D6861F910BAB00190488 /* VoodooI2CELAN */,
			);
		};
/* End PBXProject section */

/* Begin PBXResourcesBuildPhase section */
		7B30D6851F910BAB00190488 /* Resources */ = {
			isa = PBXResourcesBuildPhase;
			buildActionMask = 2147483647;
			files = (
			);
			runOnlyForDeploymentPostprocessing = 0;
		};
/* End PBXResourcesBuildPhase section */

/* Begin PBXSourcesBuildPhase section */
		7B30D6821F910BAB00190488 /* Sources */ = {
			isa = PBXSourcesBuildPhase;
			buildActionMask = 2147483647;
			files = (
				7B30D68D1F910BAB00190488 /* VoodooI2CELAN.cpp in Sources */,
			);
			runOnlyForDeploymentPostprocessing = 0;
		};
/* End PBXSourcesBuildPhase section */

/* Begin XCBuildConfiguration section */
		7B30D68F1F910BAB00190488 /* Debug */ = {
			isa = XCBuildConfiguration;
			buildSettings = {
				ALWAYS_SEARCH_USER_PATHS = NO;
				CLANG_ANALYZER_NONNULL = YES;
				CLANG_ANALYZER_NUMBER_OBJECT_CONVERSION = YES_AGGRESSIVE;
				CLANG_CXX_LANGUAGE_STANDARD = "gnu++0x";
				CLANG_CXX_LIBRARY = "libc++";
				CLANG_ENABLE_MODULES = YES;
				CLANG_ENABLE_OBJC_ARC = YES;
				CLANG_WARN_BOOL_CONVERSION = YES;
				CLANG_WARN_CONSTANT_CONVERSION = YES;
				CLANG_WARN_DIRECT_OBJC_ISA_USAGE = YES_ERROR;
				CLANG_WARN_DOCUMENTATION_COMMENTS = YES;
				CLANG_WARN_EMPTY_BODY = YES;
				CLANG_WARN_ENUM_CONVERSION = YES;
				CLANG_WARN_INFINITE_RECURSION = YES;
				CLANG_WARN_INT_CONVERSION = YES;
				CLANG_WARN_OBJC_ROOT_CLASS = YES_ERROR;
				CLANG_WARN_SUSPICIOUS_MOVE = YES;
				CLANG_WARN_UNREACHABLE_CODE = YES;
				CLANG_WARN__DUPLICATE_METHOD_MATCH = YES;
				CODE_SIGN_IDENTITY = "-";
				COPY_PHASE_STRIP = NO;
				DEBUG_INFORMATION_FORMAT = dwarf;
				ENABLE_STRICT_OBJC_MSGSEND = YES;
				ENABLE_TESTABILITY = YES;
				GCC_C_LANGUAGE_STANDARD = gnu99;
				GCC_DYNAMIC_NO_PIC = NO;
				GCC_NO_COMMON_BLOCKS = YES;
				GCC_OPTIMIZATION_LEVEL = 0;
				GCC_PREPROCESSOR_DEFINITIONS = (
					"DEBUG=1",
					"$(inherited)",
				);
				GCC_WARN_64_TO_32_BIT_CONVERSION = YES;
				GCC_WARN_ABOUT_RETURN_TYPE = YES_ERROR;
				GCC_WARN_UNDECLARED_SELECTOR = YES;
				GCC_WARN_UNINITIALIZED_AUTOS = YES_AGGRESSIVE;
				GCC_WARN_UNUSED_FUNCTION = YES;
				GCC_WARN_UNUSED_VARIABLE = YES;
				MACOSX_DEPLOYMENT_TARGET = 10.12;
				MTL_ENABLE_DEBUG_INFO = YES;
				ONLY_ACTIVE_ARCH = YES;
				SDKROOT = macosx;
			};
			name = Debug;
		};
		7B30D6901F910BAB00190488 /* Release */ = {
			isa = XCBuildConfiguration;
			buildSettings = {
				ALWAYS_SEARCH_USER_PATHS = NO;
				CLANG_ANALYZER_NONNULL = YES;
				CLANG_ANALYZER_NUMBER_OBJECT_CONVERSION = YES_AGGRESSIVE;
				CLANG_CXX_LANGUAGE_STANDARD = "gnu++0x";
				CLANG_CXX_LIBRARY = "libc++";
				CLANG_ENABLE_MODULES = YES;
				CLANG_ENABLE_OBJC_ARC = YES;
				CLANG_WARN_BOOL_CONVERSION = YES;
				CLANG_WARN_CONSTANT_CONVERSION = YES;
				CLANG_WARN_DIRECT_OBJC_ISA_USAGE = YES_ERROR;
				CLANG_WARN_DOCUMENTATION_COMMENTS = YES;
				CLANG_WARN_EMPTY_BODY = YES;
				CLANG_WARN_ENUM_CONVERSION = YES;
				CLANG_WARN_INFINITE_RECURSION = YES;
				CLANG_WARN_INT_CONVERSION = YES;
				CLANG_WARN_OBJC_ROOT_CLASS = YES_ERROR;
				CLANG_WARN_SUSPICIOUS_MOVE = YES;
				CLANG_WARN_UNREACHABLE_CODE = YES;
				CLANG_WARN__DUPLICATE_METHOD_MATCH = YES;
				CODE_SIGN_IDENTITY = "-";
				COPY_PHASE_STRIP = NO;
				DEBUG_INFORMATION_FORMAT = "dwarf-with-dsym";
				ENABLE_NS_ASSERTIONS = NO;
				ENABLE_STRICT_OBJC_MSGSEND = YES;
				GCC_C_LANGUAGE_STANDARD = gnu99;
				GCC_NO_COMMON_BLOCKS = YES;
				GCC_WARN_64_TO_32_BIT_CONVERSION = YES;
				GCC_WARN_ABOUT_RETURN_TYPE = YES_ERROR;
				GCC_WARN_UNDECLARED_SELECTOR = YES;
				GCC_WARN_UNINITIALIZED_AUTOS = YES_AGGRESSIVE;
				GCC_WARN_UNUSED_FUNCTION = YES;
				GCC_WARN_UNUSED_VARIABLE = YES;
				MACOSX_DEPLOYMENT_TARGET = 10.12;
				MTL_ENABLE_DEBUG_INFO = NO;
				SDKROOT = macosx;
			};
			name = Release;
		};
		7B30D6921F910BAB00190488 /* Debug */ = {
			isa = XCBuildConfiguration;
			buildSettings = {
				COMBINE_HIDPI_IMAGES = YES;
				CURRENT_PROJECT_VERSION = 1.0.0d1;
				INFOPLIST_FILE = VoodooI2CELAN/Info.plist;
				MODULE_NAME = me.kishorprins.VoodooI2CELAN;
				MODULE_VERSION = 1.0.0d1;
				PRODUCT_BUNDLE_IDENTIFIER = me.kishorprins.VoodooI2CELAN;
				PRODUCT_NAME = "$(TARGET_NAME)";
				WRAPPER_EXTENSION = kext;
			};
			name = Debug;
		};
		7B30D6931F910BAB00190488 /* Release */ = {
			isa = XCBuildConfiguration;
			buildSettings = {
				COMBINE_HIDPI_IMAGES = YES;
				CURRENT_PROJECT_VERSION = 1.0.0d1;
				INFOPLIST_FILE = VoodooI2CELAN/Info.plist;
				MODULE_NAME = me.kishorprins.VoodooI2CELAN;
				MODULE_VERSION = 1.0.0d1;
				PRODUCT_BUNDLE_IDENTIFIER = me.kishorprins.VoodooI2CELAN;
				PRODUCT_NAME = "$(TARGET_NAME)";
				WRAPPER_EXTENSION = kext;
			};
			name = Release;
		};
/* End XCBuildConfiguration section */

/* Begin XCConfigurationList section */
		7B30D6811F910BAB00190488 /* Build configuration list for PBXProject "VoodooI2CELAN" */ = {
			isa = XCConfigurationList;
			buildConfigurations = (
				7B30D68F1F910BAB00190488 /* Debug */,
				7B30D6901F910BAB00190488 /* Release */,
			);
			defaultConfigurationIsVisible = 0;
			defaultConfigurationName = Release;
		};
		7B30D6911F910BAB00190488 /* Build configuration list for PBXNativeTarget "VoodooI2CELAN" */ = {
			isa = XCConfigurationList;
			buildConfigurations = (
				7B30D6921F910BAB00190488 /* Debug */,
				7B30D6931F910BAB00190488 /* Release */,
			);
			defaultConfigurationIsVisible = 0;
		};
/* End XCConfigurationList section */
	};
	rootObject = 7B30D67E1F910BAB00190488 /* Project object */;
}
